
Microsoft Visual Studio Solution File, Format Version 12.00
# Visual Studio Version 18
VisualStudioVersion = 18.7.11911.148
MinimumVisualStudioVersion = 10.0.40219.1
Project("{2150E333-8FDC-42A3-9474-1A3956D46DE8}") = "Services", "Services", "{02EA681E-C7D8-13C7-8484-4AC65E1B71E8}"
EndProject
Project("{2150E333-8FDC-42A3-9474-1A3956D46DE8}") = "Catalog", "Catalog", "{CA0564FA-62EC-4EB8-92FF-5DEFD65FA1DF}"
EndProject
Project("{FAE04EC0-301F-11D3-BF4B-00C04F79EFBC}") = "Catalog.API", "Services\Catalog\Catalog.API\Catalog.API.csproj", "{82345621-0699-4704-BF8E-C1DE6ED69CE2}"
EndProject
Project("{2150E333-8FDC-42A3-9474-1A3956D46DE8}") = "BuildingBlocks", "BuildingBlocks", "{5D088683-E898-460C-BC2C-74BD5999D4BA}"
EndProject
Project("{FAE04EC0-301F-11D3-BF4B-00C04F79EFBC}") = "BuildingBlocks", "BuildingBlocks\BuildingBlocks\BuildingBlocks.csproj", "{A133BA5B-B6EE-496B-8CB8-185DD2B80465}"
EndProject
Project("{E53339B2-1760-4266-BCC7-CA923CBCF16C}") = "docker-compose", "docker-compose.dcproj", "{81DDED9D-158B-E303-5F62-77A2896D2A5A}"
EndProject
Project("{2150E333-8FDC-42A3-9474-1A3956D46DE8}") = "Basket", "Basket", "{E53BF850-3CBF-41F9-B0BE-81C622872A19}"
EndProject
Project("{FAE04EC0-301F-11D3-BF4B-00C04F79EFBC}") = "Basket.API", "Services\Basket\Basket.API\Basket.API.csproj", "{1871DFFC-D715-44AA-8518-8CE2F309F64B}"
EndProject
Project("{2150E333-8FDC-42A3-9474-1A3956D46DE8}") = "Discount", "Discount", "{24425871-260C-4287-9DAB-FF0907311B04}"
EndProject
Project("{FAE04EC0-301F-11D3-BF4B-00C04F79EFBC}") = "Discount.Grpc", "Services\Discount\Discount.Grpc\Discount.Grpc.csproj", "{64EAF853-E681-44DB-B9AA-4AA3F43B521C}"
EndProject
Project("{2150E333-8FDC-42A3-9474-1A3956D46DE8}") = "ApiGateways", "ApiGateways", "{B8E7B080-7E0E-456A-AEA2-949285CB0E3F}"
EndProject
Project("{2150E333-8FDC-42A3-9474-1A3956D46DE8}") = "WebApps", "WebApps", "{E5C00847-8AE1-45F1-A8E8-116BE372CEF1}"
EndProject
Project("{FAE04EC0-301F-11D3-BF4B-00C04F79EFBC}") = "YarpApiGateway", "ApiGateways\YarpApiGateway\YarpApiGateway.csproj", "{CD1E3997-CB61-55DC-2713-83D96C1016DB}"
EndProject
Project("{2150E333-8FDC-42A3-9474-1A3956D46DE8}") = "Ordering", "Ordering", "{7ADDB171-0401-4CEE-9038-5291BC0E9169}"
EndProject
Project("{FAE04EC0-301F-11D3-BF4B-00C04F79EFBC}") = "Ordering.API", "Services\Ordering\Ordering.API\Ordering.API.csproj", "{F18CBF71-D1A1-6332-2E48-B7E2DBC30EA5}"
EndProject
Project("{FAE04EC0-301F-11D3-BF4B-00C04F79EFBC}") = "Ordering.Application", "Services\Ordering\Ordering.Application\Ordering.Application.csproj", "{6E8AD615-B886-71E4-A850-80B639B79D24}"
EndProject
Project("{FAE04EC0-301F-11D3-BF4B-00C04F79EFBC}") = "Ordering.Domain", "Services\Ordering\Ordering.Domain\Ordering.Domain.csproj", "{066FDE78-4996-BE3D-BC3E-8EB4D9C32329}"
EndProject
Project("{FAE04EC0-301F-11D3-BF4B-00C04F79EFBC}") = "Ordering.Infrastructure", "Services\Ordering\Ordering.Infrastructure\Ordering.Infrastructure.csproj", "{8D6331C5-72A6-DEFA-2B59-5F115C5D739E}"
EndProject
Project("{FAE04EC0-301F-11D3-BF4B-00C04F79EFBC}") = "Shopping.Web", "WebApps\Shopping.Web\Shopping.Web.csproj", "{4DC21A64-6BEC-2157-21C9-3978B424596B}"
EndProject
Project("{FAE04EC0-301F-11D3-BF4B-00C04F79EFBC}") = "BuildingBlocks.Messaging", "BuildingBlocks\BuildingBlocks.Messaging\BuildingBlocks.Messaging.csproj", "{89BAC107-D3FD-49E8-5F7A-216B1D4B0E1F}"
EndProject
Project("{54A90642-561A-4BB1-A94E-469ADEE60C69}") = "Angular.UI", "WebApps\Angular.UI\Angular.UI.esproj", "{96EF6D18-4879-AA97-F4C1-0B5A2E7FE939}"
EndProject
Global
	GlobalSection(SolutionConfigurationPlatforms) = preSolution
		Debug|Any CPU = Debug|Any CPU
		Release|Any CPU = Release|Any CPU
	EndGlobalSection
	GlobalSection(ProjectConfigurationPlatforms) = postSolution
		{82345621-0699-4704-BF8E-C1DE6ED69CE2}.Debug|Any CPU.ActiveCfg = Debug|Any CPU
		{82345621-0699-4704-BF8E-C1DE6ED69CE2}.Debug|Any CPU.Build.0 = Debug|Any CPU
		{82345621-0699-4704-BF8E-C1DE6ED69CE2}.Release|Any CPU.ActiveCfg = Release|Any CPU
		{82345621-0699-4704-BF8E-C1DE6ED69CE2}.Release|Any CPU.Build.0 = Release|Any CPU
		{A133BA5B-B6EE-496B-8CB8-185DD2B80465}.Debug|Any CPU.ActiveCfg = Debug|Any CPU
		{A133BA5B-B6EE-496B-8CB8-185DD2B80465}.Debug|Any CPU.Build.0 = Debug|Any CPU
		{A133BA5B-B6EE-496B-8CB8-185DD2B80465}.Release|Any CPU.ActiveCfg = Release|Any CPU
		{A133BA5B-B6EE-496B-8CB8-185DD2B80465}.Release|Any CPU.Build.0 = Release|Any CPU
		{81DDED9D-158B-E303-5F62-77A2896D2A5A}.Debug|Any CPU.ActiveCfg = Debug|Any CPU
		{81DDED9D-158B-E303-5F62-77A2896D2A5A}.Debug|Any CPU.Build.0 = Debug|Any CPU
		{81DDED9D-158B-E303-5F62-77A2896D2A5A}.Release|Any CPU.ActiveCfg = Release|Any CPU
		{81DDED9D-158B-E303-5F62-77A2896D2A5A}.Release|Any CPU.Build.0 = Release|Any CPU
		{1871DFFC-D715-44AA-8518-8CE2F309F64B}.Debug|Any CPU.ActiveCfg = Debug|Any CPU
		{1871DFFC-D715-44AA-8518-8CE2F309F64B}.Debug|Any CPU.Build.0 = Debug|Any CPU
		{1871DFFC-D715-44AA-8518-8CE2F309F64B}.Release|Any CPU.ActiveCfg = Release|Any CPU
		{1871DFFC-D715-44AA-8518-8CE2F309F64B}.Release|Any CPU.Build.0 = Release|Any CPU
		{64EAF853-E681-44DB-B9AA-4AA3F43B521C}.Debug|Any CPU.ActiveCfg = Debug|Any CPU
		{64EAF853-E681-44DB-B9AA-4AA3F43B521C}.Debug|Any CPU.Build.0 = Debug|Any CPU
		{64EAF853-E681-44DB-B9AA-4AA3F43B521C}.Release|Any CPU.ActiveCfg = Release|Any CPU
		{64EAF853-E681-44DB-B9AA-4AA3F43B521C}.Release|Any CPU.Build.0 = Release|Any CPU
		{CD1E3997-CB61-55DC-2713-83D96C1016DB}.Debug|Any CPU.ActiveCfg = Debug|Any CPU
		{CD1E3997-CB61-55DC-2713-83D96C1016DB}.Debug|Any CPU.Build.0 = Debug|Any CPU
		{CD1E3997-CB61-55DC-2713-83D96C1016DB}.Release|Any CPU.ActiveCfg = Release|Any CPU
		{CD1E3997-CB61-55DC-2713-83D96C1016DB}.Release|Any CPU.Build.0 = Release|Any CPU
		{F18CBF71-D1A1-6332-2E48-B7E2DBC30EA5}.Debug|Any CPU.ActiveCfg = Debug|Any CPU
		{F18CBF71-D1A1-6332-2E48-B7E2DBC30EA5}.Debug|Any CPU.Build.0 = Debug|Any CPU
		{F18CBF71-D1A1-6332-2E48-B7E2DBC30EA5}.Release|Any CPU.ActiveCfg = Release|Any CPU
		{F18CBF71-D1A1-6332-2E48-B7E2DBC30EA5}.Release|Any CPU.Build.0 = Release|Any CPU
		{6E8AD615-B886-71E4-A850-80B639B79D24}.Debug|Any CPU.ActiveCfg = Debug|Any CPU
		{6E8AD615-B886-71E4-A850-80B639B79D24}.Debug|Any CPU.Build.0 = Debug|Any CPU
		{6E8AD615-B886-71E4-A850-80B639B79D24}.Release|Any CPU.ActiveCfg = Release|Any CPU
		{6E8AD615-B886-71E4-A850-80B639B79D24}.Release|Any CPU.Build.0 = Release|Any CPU
		{066FDE78-4996-BE3D-BC3E-8EB4D9C32329}.Debug|Any CPU.ActiveCfg = Debug|Any CPU
		{066FDE78-4996-BE3D-BC3E-8EB4D9C32329}.Debug|Any CPU.Build.0 = Debug|Any CPU
		{066FDE78-4996-BE3D-BC3E-8EB4D9C32329}.Release|Any CPU.ActiveCfg = Release|Any CPU
		{066FDE78-4996-BE3D-BC3E-8EB4D9C32329}.Release|Any CPU.Build.0 = Release|Any CPU
		{8D6331C5-72A6-DEFA-2B59-5F115C5D739E}.Debug|Any CPU.ActiveCfg = Debug|Any CPU
		{8D6331C5-72A6-DEFA-2B59-5F115C5D739E}.Debug|Any CPU.Build.0 = Debug|Any CPU
		{8D6331C5-72A6-DEFA-2B59-5F115C5D739E}.Release|Any CPU.ActiveCfg = Release|Any CPU
		{8D6331C5-72A6-DEFA-2B59-5F115C5D739E}.Release|Any CPU.Build.0 = Release|Any CPU
		{4DC21A64-6BEC-2157-21C9-3978B424596B}.Debug|Any CPU.ActiveCfg = Debug|Any CPU
		{4DC21A64-6BEC-2157-21C9-3978B424596B}.Debug|Any CPU.Build.0 = Debug|Any CPU
		{4DC21A64-6BEC-2157-21C9-3978B424596B}.Release|Any CPU.ActiveCfg = Release|Any CPU
		{4DC21A64-6BEC-2157-21C9-3978B424596B}.Release|Any CPU.Build.0 = Release|Any CPU
		{89BAC107-D3FD-49E8-5F7A-216B1D4B0E1F}.Debug|Any CPU.ActiveCfg = Debug|Any CPU
		{89BAC107-D3FD-49E8-5F7A-216B1D4B0E1F}.Debug|Any CPU.Build.0 = Debug|Any CPU
		{89BAC107-D3FD-49E8-5F7A-216B1D4B0E1F}.Release|Any CPU.ActiveCfg = Release|Any CPU
		{89BAC107-D3FD-49E8-5F7A-216B1D4B0E1F}.Release|Any CPU.Build.0 = Release|Any CPU
		{96EF6D18-4879-AA97-F4C1-0B5A2E7FE939}.Debug|Any CPU.ActiveCfg = Debug|Any CPU
		{96EF6D18-4879-AA97-F4C1-0B5A2E7FE939}.Debug|Any CPU.Build.0 = Debug|Any CPU
		{96EF6D18-4879-AA97-F4C1-0B5A2E7FE939}.Debug|Any CPU.Deploy.0 = Debug|Any CPU
		{96EF6D18-4879-AA97-F4C1-0B5A2E7FE939}.Release|Any CPU.ActiveCfg = Release|Any CPU
		{96EF6D18-4879-AA97-F4C1-0B5A2E7FE939}.Release|Any CPU.Build.0 = Release|Any CPU
		{96EF6D18-4879-AA97-F4C1-0B5A2E7FE939}.Release|Any CPU.Deploy.0 = Release|Any CPU
	EndGlobalSection
	GlobalSection(SolutionProperties) = preSolution
		HideSolutionNode = FALSE
	EndGlobalSection
	GlobalSection(NestedProjects) = preSolution
		{CA0564FA-62EC-4EB8-92FF-5DEFD65FA1DF} = {02EA681E-C7D8-13C7-8484-4AC65E1B71E8}
		{82345621-0699-4704-BF8E-C1DE6ED69CE2} = {CA0564FA-62EC-4EB8-92FF-5DEFD65FA1DF}
		{A133BA5B-B6EE-496B-8CB8-185DD2B80465} = {5D088683-E898-460C-BC2C-74BD5999D4BA}
		{E53BF850-3CBF-41F9-B0BE-81C622872A19} = {02EA681E-C7D8-13C7-8484-4AC65E1B71E8}
		{1871DFFC-D715-44AA-8518-8CE2F309F64B} = {E53BF850-3CBF-41F9-B0BE-81C622872A19}
		{24425871-260C-4287-9DAB-FF0907311B04} = {02EA681E-C7D8-13C7-8484-4AC65E1B71E8}
		{64EAF853-E681-44DB-B9AA-4AA3F43B521C} = {24425871-260C-4287-9DAB-FF0907311B04}
		{CD1E3997-CB61-55DC-2713-83D96C1016DB} = {B8E7B080-7E0E-456A-AEA2-949285CB0E3F}
		{7ADDB171-0401-4CEE-9038-5291BC0E9169} = {02EA681E-C7D8-13C7-8484-4AC65E1B71E8}
		{F18CBF71-D1A1-6332-2E48-B7E2DBC30EA5} = {7ADDB171-0401-4CEE-9038-5291BC0E9169}
		{6E8AD615-B886-71E4-A850-80B639B79D24} = {7ADDB171-0401-4CEE-9038-5291BC0E9169}
		{066FDE78-4996-BE3D-BC3E-8EB4D9C32329} = {7ADDB171-0401-4CEE-9038-5291BC0E9169}
		{8D6331C5-72A6-DEFA-2B59-5F115C5D739E} = {7ADDB171-0401-4CEE-9038-5291BC0E9169}
		{4DC21A64-6BEC-2157-21C9-3978B424596B} = {E5C00847-8AE1-45F1-A8E8-116BE372CEF1}
		{89BAC107-D3FD-49E8-5F7A-216B1D4B0E1F} = {5D088683-E898-460C-BC2C-74BD5999D4BA}
		{96EF6D18-4879-AA97-F4C1-0B5A2E7FE939} = {E5C00847-8AE1-45F1-A8E8-116BE372CEF1}
	EndGlobalSection
	GlobalSection(ExtensibilityGlobals) = postSolution
		SolutionGuid = {199DB967-AF95-4FA0-8BD0-3389CF5D191E}
	EndGlobalSection
EndGlobal
